
Microsoft Visual Studio Solution File, Format Version 12.00
# Visual Studio Version 16
VisualStudioVersion = 16.0.32630.194
MinimumVisualStudioVersion = 10.0.40219.1
Project("{FAE04EC0-301F-11D3-BF4B-00C04F79EFBC}") = "webappex", "webappex\webappex.csproj", "{4AE5E3A9-5A49-4241-98BA-A3C1DC24D16C}"
EndProject
Global
	GlobalSection(SolutionConfigurationPlatforms) = preSolution
		Debug|Any CPU = Debug|Any CPU
		Release|Any CPU = Release|Any CPU
	EndGlobalSection
	GlobalSection(ProjectConfigurationPlatforms) = postSolution
		{4AE5E3A9-5A49-4241-98BA-A3C1DC24D16C}.Debug|Any CPU.ActiveCfg = Debug|Any CPU
		{4AE5E3A9-5A49-4241-98BA-A3C1DC24D16C}.Debug|Any CPU.Build.0 = Debug|Any CPU
		{4AE5E3A9-5A49-4241-98BA-A3C1DC24D16C}.Release|Any CPU.ActiveCfg = Release|Any CPU
		{4AE5E3A9-5A49-4241-98BA-A3C1DC24D16C}.Release|Any CPU.Build.0 = Release|Any CPU
	EndGlobalSection
	GlobalSection(SolutionProperties) = preSolution
		HideSolutionNode = FALSE
	EndGlobalSection
	GlobalSection(ExtensibilityGlobals) = postSolution
		SolutionGuid = {4B748B3E-107E-44AF-9EE4-66FB6D5A5831}
	EndGlobalSection
EndGlobal
